
Microsoft Visual Studio Solution File, Format Version 12.00
# Visual Studio 2013
VisualStudioVersion = 12.0.21005.1
MinimumVisualStudioVersion = 10.0.40219.1
Project("{FAE04EC0-301F-11D3-BF4B-00C04F79EFBC}") = "QIClock", "QIClock\QIClock.csproj", "{22375E43-A01E-46EF-B60A-BC71B75EB536}"
EndProject
Project("{54435603-DBB4-11D2-8724-00A0C9A8B90C}") = "QIclockSetup", "QIclockSetup\QIclockSetup.vdproj", "{60D89694-C3C0-48CC-B514-96D7A07CF841}"
EndProject
Global
	GlobalSection(SolutionConfigurationPlatforms) = preSolution
		Debug|Any CPU = Debug|Any CPU
		Release|Any CPU = Release|Any CPU
	EndGlobalSection
	GlobalSection(ProjectConfigurationPlatforms) = postSolution
		{22375E43-A01E-46EF-B60A-BC71B75EB536}.Debug|Any CPU.ActiveCfg = Debug|Any CPU
		{22375E43-A01E-46EF-B60A-BC71B75EB536}.Debug|Any CPU.Build.0 = Debug|Any CPU
		{22375E43-A01E-46EF-B60A-BC71B75EB536}.Release|Any CPU.ActiveCfg = Release|Any CPU
		{22375E43-A01E-46EF-B60A-BC71B75EB536}.Release|Any CPU.Build.0 = Release|Any CPU
		{60D89694-C3C0-48CC-B514-96D7A07CF841}.Debug|Any CPU.ActiveCfg = Debug
		{60D89694-C3C0-48CC-B514-96D7A07CF841}.Release|Any CPU.ActiveCfg = Release
	EndGlobalSection
	GlobalSection(SolutionProperties) = preSolution
		HideSolutionNode = FALSE
	EndGlobalSection
EndGlobal
